
Microsoft Visual Studio Solution File, Format Version 12.00
# Visual Studio 2013
VisualStudioVersion = 12.0.40629.0
MinimumVisualStudioVersion = 10.0.40219.1
Project("{FAE04EC0-301F-11D3-BF4B-00C04F79EFBC}") = "TF2ClassicLauncher", "TF2CLauncher\TF2ClassicLauncher.csproj", "{C1081FC6-0642-48D8-8C61-5221A4D3DE76}"
EndProject
Global
	GlobalSection(SolutionConfigurationPlatforms) = preSolution
		Debug|Any CPU = Debug|Any CPU
		Release|Any CPU = Release|Any CPU
	EndGlobalSection
	GlobalSection(ProjectConfigurationPlatforms) = postSolution
		{C1081FC6-0642-48D8-8C61-5221A4D3DE76}.Debug|Any CPU.ActiveCfg = Debug|Any CPU
		{C1081FC6-0642-48D8-8C61-5221A4D3DE76}.Debug|Any CPU.Build.0 = Debug|Any CPU
		{C1081FC6-0642-48D8-8C61-5221A4D3DE76}.Release|Any CPU.ActiveCfg = Release|Any CPU
		{C1081FC6-0642-48D8-8C61-5221A4D3DE76}.Release|Any CPU.Build.0 = Release|Any CPU
	EndGlobalSection
	GlobalSection(SolutionProperties) = preSolution
		HideSolutionNode = FALSE
	EndGlobalSection
EndGlobal
